
Microsoft Visual Studio Solution File, Format Version 12.00
# Visual Studio Version 17
VisualStudioVersion = 17.2.32516.85
MinimumVisualStudioVersion = 10.0.40219.1
Project("{FAE04EC0-301F-11D3-BF4B-00C04F79EFBC}") = "Northwind", "Northwind\Northwind.csproj", "{9434223D-4333-478D-81EA-614513A5E67C}"
EndProject
Global
	GlobalSection(SolutionConfigurationPlatforms) = preSolution
		Debug|Any CPU = Debug|Any CPU
		Release|Any CPU = Release|Any CPU
	EndGlobalSection
	GlobalSection(ProjectConfigurationPlatforms) = postSolution
		{9434223D-4333-478D-81EA-614513A5E67C}.Debug|Any CPU.ActiveCfg = Debug|Any CPU
		{9434223D-4333-478D-81EA-614513A5E67C}.Debug|Any CPU.Build.0 = Debug|Any CPU
		{9434223D-4333-478D-81EA-614513A5E67C}.Release|Any CPU.ActiveCfg = Release|Any CPU
		{9434223D-4333-478D-81EA-614513A5E67C}.Release|Any CPU.Build.0 = Release|Any CPU
	EndGlobalSection
	GlobalSection(SolutionProperties) = preSolution
		HideSolutionNode = FALSE
	EndGlobalSection
	GlobalSection(ExtensibilityGlobals) = postSolution
		SolutionGuid = {B379A2F1-E3E6-449A-9917-8109410B9901}
	EndGlobalSection
EndGlobal
