
Microsoft Visual Studio Solution File, Format Version 12.00
# Visual Studio Version 17
VisualStudioVersion = 17.2.32516.85
MinimumVisualStudioVersion = 10.0.40219.1
Project("{FAE04EC0-301F-11D3-BF4B-00C04F79EFBC}") = "View04Model", "View04Model\View04Model.csproj", "{C83123C5-B23D-4976-9B52-3A283F8D2523}"
EndProject
Global
	GlobalSection(SolutionConfigurationPlatforms) = preSolution
		Debug|Any CPU = Debug|Any CPU
		Release|Any CPU = Release|Any CPU
	EndGlobalSection
	GlobalSection(ProjectConfigurationPlatforms) = postSolution
		{C83123C5-B23D-4976-9B52-3A283F8D2523}.Debug|Any CPU.ActiveCfg = Debug|Any CPU
		{C83123C5-B23D-4976-9B52-3A283F8D2523}.Debug|Any CPU.Build.0 = Debug|Any CPU
		{C83123C5-B23D-4976-9B52-3A283F8D2523}.Release|Any CPU.ActiveCfg = Release|Any CPU
		{C83123C5-B23D-4976-9B52-3A283F8D2523}.Release|Any CPU.Build.0 = Release|Any CPU
	EndGlobalSection
	GlobalSection(SolutionProperties) = preSolution
		HideSolutionNode = FALSE
	EndGlobalSection
	GlobalSection(ExtensibilityGlobals) = postSolution
		SolutionGuid = {3CA7B3FF-9E63-4F2C-B33B-2F98BB89A89E}
	EndGlobalSection
EndGlobal
