
Microsoft Visual Studio Solution File, Format Version 12.00
# Visual Studio Version 17
VisualStudioVersion = 17.2.32616.157
MinimumVisualStudioVersion = 10.0.40219.1
Project("{FAE04EC0-301F-11D3-BF4B-00C04F79EFBC}") = "WebAPI", "WebAPI\WebAPI.csproj", "{491141FA-0421-4A36-A917-50B924999DF0}"
EndProject
Project("{FAE04EC0-301F-11D3-BF4B-00C04F79EFBC}") = "WinFormApp", "WinFormApp\WinFormApp.csproj", "{013EA7C8-16FA-49C5-9690-F8A155B1E253}"
EndProject
Global
	GlobalSection(SolutionConfigurationPlatforms) = preSolution
		Debug|Any CPU = Debug|Any CPU
		Release|Any CPU = Release|Any CPU
	EndGlobalSection
	GlobalSection(ProjectConfigurationPlatforms) = postSolution
		{491141FA-0421-4A36-A917-50B924999DF0}.Debug|Any CPU.ActiveCfg = Debug|Any CPU
		{491141FA-0421-4A36-A917-50B924999DF0}.Debug|Any CPU.Build.0 = Debug|Any CPU
		{491141FA-0421-4A36-A917-50B924999DF0}.Release|Any CPU.ActiveCfg = Release|Any CPU
		{491141FA-0421-4A36-A917-50B924999DF0}.Release|Any CPU.Build.0 = Release|Any CPU
		{013EA7C8-16FA-49C5-9690-F8A155B1E253}.Debug|Any CPU.ActiveCfg = Debug|Any CPU
		{013EA7C8-16FA-49C5-9690-F8A155B1E253}.Debug|Any CPU.Build.0 = Debug|Any CPU
		{013EA7C8-16FA-49C5-9690-F8A155B1E253}.Release|Any CPU.ActiveCfg = Release|Any CPU
		{013EA7C8-16FA-49C5-9690-F8A155B1E253}.Release|Any CPU.Build.0 = Release|Any CPU
	EndGlobalSection
	GlobalSection(SolutionProperties) = preSolution
		HideSolutionNode = FALSE
	EndGlobalSection
	GlobalSection(ExtensibilityGlobals) = postSolution
		SolutionGuid = {6B5E1F1E-232A-439F-9F3B-C69CBEA55891}
	EndGlobalSection
EndGlobal
